// !$*UTF8*$!
{
	archiveVersion = 1;
	classes = {
	};
	objectVersion = 46;
	objects = {

/* Begin PBXBuildFile section */
		F045FE3C187DA698007FF080 /* Foundation.framework in Frameworks */ = {isa = PBXBuildFile; fileRef = F045FE3B187DA698007FF080 /* Foundation.framework */; };
		F045FE3E187DA698007FF080 /* CoreGraphics.framework in Frameworks */ = {isa = PBXBuildFile; fileRef = F045FE3D187DA698007FF080 /* CoreGraphics.framework */; };
		F045FE40187DA698007FF080 /* UIKit.framework in Frameworks */ = {isa = PBXBuildFile; fileRef = F045FE3F187DA698007FF080 /* UIKit.framework */; };
		F045FE46187DA698007FF080 /* InfoPlist.strings in Resources */ = {isa = PBXBuildFile; fileRef = F045FE44187DA698007FF080 /* InfoPlist.strings */; };
		F045FE48187DA698007FF080 /* main.m in Sources */ = {isa = PBXBuildFile; fileRef = F045FE47187DA698007FF080 /* main.m */; };
		F045FE4C187DA698007FF080 /* KIAppDelegate.m in Sources */ = {isa = PBXBuildFile; fileRef = F045FE4B187DA698007FF080 /* KIAppDelegate.m */; };
		F045FE4F187DA698007FF080 /* Main.storyboard in Resources */ = {isa = PBXBuildFile; fileRef = F045FE4D187DA698007FF080 /* Main.storyboard */; };
		F045FE52187DA698007FF080 /* KIViewController.m in Sources */ = {isa = PBXBuildFile; fileRef = F045FE51187DA698007FF080 /* KIViewController.m */; };
		F045FE54187DA698007FF080 /* Images.xcassets in Resources */ = {isa = PBXBuildFile; fileRef = F045FE53187DA698007FF080 /* Images.xcassets */; };
		F045FE5B187DA698007FF080 /* XCTest.framework in Frameworks */ = {isa = PBXBuildFile; fileRef = F045FE5A187DA698007FF080 /* XCTest.framework */; };
		F045FE5C187DA698007FF080 /* Foundation.framework in Frameworks */ = {isa = PBXBuildFile; fileRef = F045FE3B187DA698007FF080 /* Foundation.framework */; };
		F045FE5D187DA698007FF080 /* UIKit.framework in Frameworks */ = {isa = PBXBuildFile; fileRef = F045FE3F187DA698007FF080 /* UIKit.framework */; };
		F045FE65187DA698007FF080 /* InfoPlist.strings in Resources */ = {isa = PBXBuildFile; fileRef = F045FE63187DA698007FF080 /* InfoPlist.strings */; };
		F045FE67187DA698007FF080 /* AutoLayoutDemoTests.m in Sources */ = {isa = PBXBuildFile; fileRef = F045FE66187DA698007FF080 /* AutoLayoutDemoTests.m */; };
/* End PBXBuildFile section */

/* Begin PBXContainerItemProxy section */
		F045FE5E187DA698007FF080 /* PBXContainerItemProxy */ = {
			isa = PBXContainerItemProxy;
			containerPortal = F045FE30187DA698007FF080 /* Project object */;
			proxyType = 1;
			remoteGlobalIDString = F045FE37187DA698007FF080;
			remoteInfo = AutoLayoutDemo;
		};
/* End PBXContainerItemProxy section */

/* Begin PBXFileReference section */
		F045FE38187DA698007FF080 /* AutoLayoutDemo.app */ = {isa = PBXFileReference; explicitFileType = wrapper.application; includeInIndex = 0; path = AutoLayoutDemo.app; sourceTree = BUILT_PRODUCTS_DIR; };
		F045FE3B187DA698007FF080 /* Foundation.framework */ = {isa = PBXFileReference; lastKnownFileType = wrapper.framework; name = Foundation.framework; path = System/Library/Frameworks/Foundation.framework; sourceTree = SDKROOT; };
		F045FE3D187DA698007FF080 /* CoreGraphics.framework */ = {isa = PBXFileReference; lastKnownFileType = wrapper.framework; name = CoreGraphics.framework; path = System/Library/Frameworks/CoreGraphics.framework; sourceTree = SDKROOT; };
		F045FE3F187DA698007FF080 /* UIKit.framework */ = {isa = PBXFileReference; lastKnownFileType = wrapper.framework; name = UIKit.framework; path = System/Library/Frameworks/UIKit.framework; sourceTree = SDKROOT; };
		F045FE43187DA698007FF080 /* AutoLayoutDemo-Info.plist */ = {isa = PBXFileReference; lastKnownFileType = text.plist.xml; path = "AutoLayoutDemo-Info.plist"; sourceTree = "<group>"; };
		F045FE45187DA698007FF080 /* en */ = {isa = PBXFileReference; lastKnownFileType = text.plist.strings; name = en; path = en.lproj/InfoPlist.strings; sourceTree = "<group>"; };
		F045FE47187DA698007FF080 /* main.m */ = {isa = PBXFileReference; lastKnownFileType = sourcecode.c.objc; path = main.m; sourceTree = "<group>"; };
		F045FE49187DA698007FF080 /* AutoLayoutDemo-Prefix.pch */ = {isa = PBXFileReference; lastKnownFileType = sourcecode.c.h; path = "AutoLayoutDemo-Prefix.pch"; sourceTree = "<group>"; };
		F045FE4A187DA698007FF080 /* KIAppDelegate.h */ = {isa = PBXFileReference; lastKnownFileType = sourcecode.c.h; path = KIAppDelegate.h; sourceTree = "<group>"; };
		F045FE4B187DA698007FF080 /* KIAppDelegate.m */ = {isa = PBXFileReference; lastKnownFileType = sourcecode.c.objc; path = KIAppDelegate.m; sourceTree = "<group>"; };
		F045FE4E187DA698007FF080 /* Base */ = {isa = PBXFileReference; lastKnownFileType = file.storyboard; name = Base; path = Base.lproj/Main.storyboard; sourceTree = "<group>"; };
		F045FE50187DA698007FF080 /* KIViewController.h */ = {isa = PBXFileReference; lastKnownFileType = sourcecode.c.h; path = KIViewController.h; sourceTree = "<group>"; };
		F045FE51187DA698007FF080 /* KIViewController.m */ = {isa = PBXFileReference; lastKnownFileType = sourcecode.c.objc; path = KIViewController.m; sourceTree = "<group>"; };
		F045FE53187DA698007FF080 /* Images.xcassets */ = {isa = PBXFileReference; lastKnownFileType = folder.assetcatalog; path = Images.xcassets; sourceTree = "<group>"; };
		F045FE59187DA698007FF080 /* AutoLayoutDemoTests.xctest */ = {isa = PBXFileReference; explicitFileType = wrapper.cfbundle; includeInIndex = 0; path = AutoLayoutDemoTests.xctest; sourceTree = BUILT_PRODUCTS_DIR; };
		F045FE5A187DA698007FF080 /* XCTest.framework */ = {isa = PBXFileReference; lastKnownFileType = wrapper.framework; name = XCTest.framework; path = Library/Frameworks/XCTest.framework; sourceTree = DEVELOPER_DIR; };
		F045FE62187DA698007FF080 /* AutoLayoutDemoTests-Info.plist */ = {isa = PBXFileReference; lastKnownFileType = text.plist.xml; path = "AutoLayoutDemoTests-Info.plist"; sourceTree = "<group>"; };
		F045FE64187DA698007FF080 /* en */ = {isa = PBXFileReference; lastKnownFileType = text.plist.strings; name = en; path = en.lproj/InfoPlist.strings; sourceTree = "<group>"; };
		F045FE66187DA698007FF080 /* AutoLayoutDemoTests.m */ = {isa = PBXFileReference; lastKnownFileType = sourcecode.c.objc; path = AutoLayoutDemoTests.m; sourceTree = "<group>"; };
/* End PBXFileReference section */

/* Begin PBXFrameworksBuildPhase section */
		F045FE35187DA698007FF080 /* Frameworks */ = {
			isa = PBXFrameworksBuildPhase;
			buildActionMask = 2147483647;
			files = (
				F045FE3E187DA698007FF080 /* CoreGraphics.framework in Frameworks */,
				F045FE40187DA698007FF080 /* UIKit.framework in Frameworks */,
				F045FE3C187DA698007FF080 /* Foundation.framework in Frameworks */,
			);
			runOnlyForDeploymentPostprocessing = 0;
		};
		F045FE56187DA698007FF080 /* Frameworks */ = {
			isa = PBXFrameworksBuildPhase;
			buildActionMask = 2147483647;
			files = (
				F045FE5B187DA698007FF080 /* XCTest.framework in Frameworks */,
				F045FE5D187DA698007FF080 /* UIKit.framework in Frameworks */,
				F045FE5C187DA698007FF080 /* Foundation.framework in Frameworks */,
			);
			runOnlyForDeploymentPostprocessing = 0;
		};
/* End PBXFrameworksBuildPhase section */

/* Begin PBXGroup section */
		F045FE2F187DA698007FF080 = {
			isa = PBXGroup;
			children = (
				F045FE41187DA698007FF080 /* AutoLayoutDemo */,
				F045FE60187DA698007FF080 /* AutoLayoutDemoTests */,
				F045FE3A187DA698007FF080 /* Frameworks */,
				F045FE39187DA698007FF080 /* Products */,
			);
			sourceTree = "<group>";
		};
		F045FE39187DA698007FF080 /* Products */ = {
			isa = PBXGroup;
			children = (
				F045FE38187DA698007FF080 /* AutoLayoutDemo.app */,
				F045FE59187DA698007FF080 /* AutoLayoutDemoTests.xctest */,
			);
			name = Products;
			sourceTree = "<group>";
		};
		F045FE3A187DA698007FF080 /* Frameworks */ = {
			isa = PBXGroup;
			children = (
				F045FE3B187DA698007FF080 /* Foundation.framework */,
				F045FE3D187DA698007FF080 /* CoreGraphics.framework */,
				F045FE3F187DA698007FF080 /* UIKit.framework */,
				F045FE5A187DA698007FF080 /* XCTest.framework */,
			);
			name = Frameworks;
			sourceTree = "<group>";
		};
		F045FE41187DA698007FF080 /* AutoLayoutDemo */ = {
			isa = PBXGroup;
			children = (
				F045FE4A187DA698007FF080 /* KIAppDelegate.h */,
				F045FE4B187DA698007FF080 /* KIAppDelegate.m */,
				F045FE4D187DA698007FF080 /* Main.storyboard */,
				F045FE50187DA698007FF080 /* KIViewController.h */,
				F045FE51187DA698007FF080 /* KIViewController.m */,
				F045FE53187DA698007FF080 /* Images.xcassets */,
				F045FE42187DA698007FF080 /* Supporting Files */,
			);
			path = AutoLayoutDemo;
			sourceTree = "<group>";
		};
		F045FE42187DA698007FF080 /* Supporting Files */ = {
			isa = PBXGroup;
			children = (
				F045FE43187DA698007FF080 /* AutoLayoutDemo-Info.plist */,
				F045FE44187DA698007FF080 /* InfoPlist.strings */,
				F045FE47187DA698007FF080 /* main.m */,
				F045FE49187DA698007FF080 /* AutoLayoutDemo-Prefix.pch */,
			);
			name = "Supporting Files";
			sourceTree = "<group>";
		};
		F045FE60187DA698007FF080 /* AutoLayoutDemoTests */ = {
			isa = PBXGroup;
			children = (
				F045FE66187DA698007FF080 /* AutoLayoutDemoTests.m */,
				F045FE61187DA698007FF080 /* Supporting Files */,
			);
			path = AutoLayoutDemoTests;
			sourceTree = "<group>";
		};
		F045FE61187DA698007FF080 /* Supporting Files */ = {
			isa = PBXGroup;
			children = (
				F045FE62187DA698007FF080 /* AutoLayoutDemoTests-Info.plist */,
				F045FE63187DA698007FF080 /* InfoPlist.strings */,
			);
			name = "Supporting Files";
			sourceTree = "<group>";
		};
/* End PBXGroup section */

/* Begin PBXNativeTarget section */
		F045FE37187DA698007FF080 /* AutoLayoutDemo */ = {
			isa = PBXNativeTarget;
			buildConfigurationList = F045FE6A187DA698007FF080 /* Build configuration list for PBXNativeTarget "AutoLayoutDemo" */;
			buildPhases = (
				F045FE34187DA698007FF080 /* Sources */,
				F045FE35187DA698007FF080 /* Frameworks */,
				F045FE36187DA698007FF080 /* Resources */,
			);
			buildRules = (
			);
			dependencies = (
			);
			name = AutoLayoutDemo;
			productName = AutoLayoutDemo;
			productReference = F045FE38187DA698007FF080 /* AutoLayoutDemo.app */;
			productType = "com.apple.product-type.application";
		};
		F045FE58187DA698007FF080 /* AutoLayoutDemoTests */ = {
			isa = PBXNativeTarget;
			buildConfigurationList = F045FE6D187DA698007FF080 /* Build configuration list for PBXNativeTarget "AutoLayoutDemoTests" */;
			buildPhases = (
				F045FE55187DA698007FF080 /* Sources */,
				F045FE56187DA698007FF080 /* Frameworks */,
				F045FE57187DA698007FF080 /* Resources */,
			);
			buildRules = (
			);
			dependencies = (
				F045FE5F187DA698007FF080 /* PBXTargetDependency */,
			);
			name = AutoLayoutDemoTests;
			productName = AutoLayoutDemoTests;
			productReference = F045FE59187DA698007FF080 /* AutoLayoutDemoTests.xctest */;
			productType = "com.apple.product-type.bundle.unit-test";
		};
/* End PBXNativeTarget section */

/* Begin PBXProject section */
		F045FE30187DA698007FF080 /* Project object */ = {
			isa = PBXProject;
			attributes = {
				CLASSPREFIX = KI;
				LastUpgradeCheck = 0500;
				ORGANIZATIONNAME = "Koedal, Inc.";
				TargetAttributes = {
					F045FE58187DA698007FF080 = {
						TestTargetID = F045FE37187DA698007FF080;
					};
				};
			};
			buildConfigurationList = F045FE33187DA698007FF080 /* Build configuration list for PBXProject "AutoLayoutDemo" */;
			compatibilityVersion = "Xcode 3.2";
			developmentRegion = English;
			hasScannedForEncodings = 0;
			knownRegions = (
				en,
				Base,
			);
			mainGroup = F045FE2F187DA698007FF080;
			productRefGroup = F045FE39187DA698007FF080 /* Products */;
			projectDirPath = "";
			projectRoot = "";
			targets = (
				F045FE37187DA698007FF080 /* AutoLayoutDemo */,
				F045FE58187DA698007FF080 /* AutoLayoutDemoTests */,
			);
		};
/* End PBXProject section */

/* Begin PBXResourcesBuildPhase section */
		F045FE36187DA698007FF080 /* Resources */ = {
			isa = PBXResourcesBuildPhase;
			buildActionMask = 2147483647;
			files = (
				F045FE54187DA698007FF080 /* Images.xcassets in Resources */,
				F045FE46187DA698007FF080 /* InfoPlist.strings in Resources */,
				F045FE4F187DA698007FF080 /* Main.storyboard in Resources */,
			);
			runOnlyForDeploymentPostprocessing = 0;
		};
		F045FE57187DA698007FF080 /* Resources */ = {
			isa = PBXResourcesBuildPhase;
			buildActionMask = 2147483647;
			files = (
				F045FE65187DA698007FF080 /* InfoPlist.strings in Resources */,
			);
			runOnlyForDeploymentPostprocessing = 0;
		};
/* End PBXResourcesBuildPhase section */

/* Begin PBXSourcesBuildPhase section */
		F045FE34187DA698007FF080 /* Sources */ = {
			isa = PBXSourcesBuildPhase;
			buildActionMask = 2147483647;
			files = (
				F045FE52187DA698007FF080 /* KIViewController.m in Sources */,
				F045FE4C187DA698007FF080 /* KIAppDelegate.m in Sources */,
				F045FE48187DA698007FF080 /* main.m in Sources */,
			);
			runOnlyForDeploymentPostprocessing = 0;
		};
		F045FE55187DA698007FF080 /* Sources */ = {
			isa = PBXSourcesBuildPhase;
			buildActionMask = 2147483647;
			files = (
				F045FE67187DA698007FF080 /* AutoLayoutDemoTests.m in Sources */,
			);
			runOnlyForDeploymentPostprocessing = 0;
		};
/* End PBXSourcesBuildPhase section */

/* Begin PBXTargetDependency section */
		F045FE5F187DA698007FF080 /* PBXTargetDependency */ = {
			isa = PBXTargetDependency;
			target = F045FE37187DA698007FF080 /* AutoLayoutDemo */;
			targetProxy = F045FE5E187DA698007FF080 /* PBXContainerItemProxy */;
		};
/* End PBXTargetDependency section */

/* Begin PBXVariantGroup section */
		F045FE44187DA698007FF080 /* InfoPlist.strings */ = {
			isa = PBXVariantGroup;
			children = (
				F045FE45187DA698007FF080 /* en */,
			);
			name = InfoPlist.strings;
			sourceTree = "<group>";
		};
		F045FE4D187DA698007FF080 /* Main.storyboard */ = {
			isa = PBXVariantGroup;
			children = (
				F045FE4E187DA698007FF080 /* Base */,
			);
			name = Main.storyboard;
			sourceTree = "<group>";
		};
		F045FE63187DA698007FF080 /* InfoPlist.strings */ = {
			isa = PBXVariantGroup;
			children = (
				F045FE64187DA698007FF080 /* en */,
			);
			name = InfoPlist.strings;
			sourceTree = "<group>";
		};
/* End PBXVariantGroup section */

/* Begin XCBuildConfiguration section */
		F045FE68187DA698007FF080 /* Debug */ = {
			isa = XCBuildConfiguration;
			buildSettings = {
				ALWAYS_SEARCH_USER_PATHS = NO;
				ARCHS = "$(ARCHS_STANDARD_INCLUDING_64_BIT)";
				CLANG_CXX_LANGUAGE_STANDARD = "gnu++0x";
				CLANG_CXX_LIBRARY = "libc++";
				CLANG_ENABLE_MODULES = YES;
				CLANG_ENABLE_OBJC_ARC = YES;
				CLANG_WARN_BOOL_CONVERSION = YES;
				CLANG_WARN_CONSTANT_CONVERSION = YES;
				CLANG_WARN_DIRECT_OBJC_ISA_USAGE = YES_ERROR;
				CLANG_WARN_EMPTY_BODY = YES;
				CLANG_WARN_ENUM_CONVERSION = YES;
				CLANG_WARN_INT_CONVERSION = YES;
				CLANG_WARN_OBJC_ROOT_CLASS = YES_ERROR;
				CLANG_WARN__DUPLICATE_METHOD_MATCH = YES;
				"CODE_SIGN_IDENTITY[sdk=iphoneos*]" = "iPhone Developer";
				COPY_PHASE_STRIP = NO;
				GCC_C_LANGUAGE_STANDARD = gnu99;
				GCC_DYNAMIC_NO_PIC = NO;
				GCC_OPTIMIZATION_LEVEL = 0;
				GCC_PREPROCESSOR_DEFINITIONS = (
					"DEBUG=1",
					"$(inherited)",
				);
				GCC_SYMBOLS_PRIVATE_EXTERN = NO;
				GCC_WARN_64_TO_32_BIT_CONVERSION = YES;
				GCC_WARN_ABOUT_RETURN_TYPE = YES_ERROR;
				GCC_WARN_UNDECLARED_SELECTOR = YES;
				GCC_WARN_UNINITIALIZED_AUTOS = YES;
				GCC_WARN_UNUSED_FUNCTION = YES;
				GCC_WARN_UNUSED_VARIABLE = YES;
				IPHONEOS_DEPLOYMENT_TARGET = 7.0;
				ONLY_ACTIVE_ARCH = YES;
				SDKROOT = iphoneos;
			};
			name = Debug;
		};
		F045FE69187DA698007FF080 /* Release */ = {
			isa = XCBuildConfiguration;
			buildSettings = {
				ALWAYS_SEARCH_USER_PATHS = NO;
				ARCHS = "$(ARCHS_STANDARD_INCLUDING_64_BIT)";
				CLANG_CXX_LANGUAGE_STANDARD = "gnu++0x";
				CLANG_CXX_LIBRARY = "libc++";
				CLANG_ENABLE_MODULES = YES;
				CLANG_ENABLE_OBJC_ARC = YES;
				CLANG_WARN_BOOL_CONVERSION = YES;
				CLANG_WARN_CONSTANT_CONVERSION = YES;
				CLANG_WARN_DIRECT_OBJC_ISA_USAGE = YES_ERROR;
				CLANG_WARN_EMPTY_BODY = YES;
				CLANG_WARN_ENUM_CONVERSION = YES;
				CLANG_WARN_INT_CONVERSION = YES;
				CLANG_WARN_OBJC_ROOT_CLASS = YES_ERROR;
				CLANG_WARN__DUPLICATE_METHOD_MATCH = YES;
				"CODE_SIGN_IDENTITY[sdk=iphoneos*]" = "iPhone Developer";
				COPY_PHASE_STRIP = YES;
				ENABLE_NS_ASSERTIONS = NO;
				GCC_C_LANGUAGE_STANDARD = gnu99;
				GCC_WARN_64_TO_32_BIT_CONVERSION = YES;
				GCC_WARN_ABOUT_RETURN_TYPE = YES_ERROR;
				GCC_WARN_UNDECLARED_SELECTOR = YES;
				GCC_WARN_UNINITIALIZED_AUTOS = YES;
				GCC_WARN_UNUSED_FUNCTION = YES;
				GCC_WARN_UNUSED_VARIABLE = YES;
				IPHONEOS_DEPLOYMENT_TARGET = 7.0;
				SDKROOT = iphoneos;
				VALIDATE_PRODUCT = YES;
			};
			name = Release;
		};
		F045FE6B187DA698007FF080 /* Debug */ = {
			isa = XCBuildConfiguration;
			buildSettings = {
				ASSETCATALOG_COMPILER_APPICON_NAME = AppIcon;
				ASSETCATALOG_COMPILER_LAUNCHIMAGE_NAME = LaunchImage;
				GCC_PRECOMPILE_PREFIX_HEADER = YES;
				GCC_PREFIX_HEADER = "AutoLayoutDemo/AutoLayoutDemo-Prefix.pch";
				INFOPLIST_FILE = "AutoLayoutDemo/AutoLayoutDemo-Info.plist";
				PRODUCT_NAME = "$(TARGET_NAME)";
				WRAPPER_EXTENSION = app;
			};
			name = Debug;
		};
		F045FE6C187DA698007FF080 /* Release */ = {
			isa = XCBuildConfiguration;
			buildSettings = {
				ASSETCATALOG_COMPILER_APPICON_NAME = AppIcon;
				ASSETCATALOG_COMPILER_LAUNCHIMAGE_NAME = LaunchImage;
				GCC_PRECOMPILE_PREFIX_HEADER = YES;
				GCC_PREFIX_HEADER = "AutoLayoutDemo/AutoLayoutDemo-Prefix.pch";
				INFOPLIST_FILE = "AutoLayoutDemo/AutoLayoutDemo-Info.plist";
				PRODUCT_NAME = "$(TARGET_NAME)";
				WRAPPER_EXTENSION = app;
			};
			name = Release;
		};
		F045FE6E187DA698007FF080 /* Debug */ = {
			isa = XCBuildConfiguration;
			buildSettings = {
				ARCHS = "$(ARCHS_STANDARD_INCLUDING_64_BIT)";
				BUNDLE_LOADER = "$(BUILT_PRODUCTS_DIR)/AutoLayoutDemo.app/AutoLayoutDemo";
				FRAMEWORK_SEARCH_PATHS = (
					"$(SDKROOT)/Developer/Library/Frameworks",
					"$(inherited)",
					"$(DEVELOPER_FRAMEWORKS_DIR)",
				);
				GCC_PRECOMPILE_PREFIX_HEADER = YES;
				GCC_PREFIX_HEADER = "AutoLayoutDemo/AutoLayoutDemo-Prefix.pch";
				GCC_PREPROCESSOR_DEFINITIONS = (
					"DEBUG=1",
					"$(inherited)",
				);
				INFOPLIST_FILE = "AutoLayoutDemoTests/AutoLayoutDemoTests-Info.plist";
				PRODUCT_NAME = "$(TARGET_NAME)";
				TEST_HOST = "$(BUNDLE_LOADER)";
				WRAPPER_EXTENSION = xctest;
			};
			name = Debug;
		};
		F045FE6F187DA698007FF080 /* Release */ = {
			isa = XCBuildConfiguration;
			buildSettings = {
				ARCHS = "$(ARCHS_STANDARD_INCLUDING_64_BIT)";
				BUNDLE_LOADER = "$(BUILT_PRODUCTS_DIR)/AutoLayoutDemo.app/AutoLayoutDemo";
				FRAMEWORK_SEARCH_PATHS = (
					"$(SDKROOT)/Developer/Library/Frameworks",
					"$(inherited)",
					"$(DEVELOPER_FRAMEWORKS_DIR)",
				);
				GCC_PRECOMPILE_PREFIX_HEADER = YES;
				GCC_PREFIX_HEADER = "AutoLayoutDemo/AutoLayoutDemo-Prefix.pch";
				INFOPLIST_FILE = "AutoLayoutDemoTests/AutoLayoutDemoTests-Info.plist";
				PRODUCT_NAME = "$(TARGET_NAME)";
				TEST_HOST = "$(BUNDLE_LOADER)";
				WRAPPER_EXTENSION = xctest;
			};
			name = Release;
		};
/* End XCBuildConfiguration section */

/* Begin XCConfigurationList section */
		F045FE33187DA698007FF080 /* Build configuration list for PBXProject "AutoLayoutDemo" */ = {
			isa = XCConfigurationList;
			buildConfigurations = (
				F045FE68187DA698007FF080 /* Debug */,
				F045FE69187DA698007FF080 /* Release */,
			);
			defaultConfigurationIsVisible = 0;
			defaultConfigurationName = Release;
		};
		F045FE6A187DA698007FF080 /* Build configuration list for PBXNativeTarget "AutoLayoutDemo" */ = {
			isa = XCConfigurationList;
			buildConfigurations = (
				F045FE6B187DA698007FF080 /* Debug */,
				F045FE6C187DA698007FF080 /* Release */,
			);
			defaultConfigurationIsVisible = 0;
		};
		F045FE6D187DA698007FF080 /* Build configuration list for PBXNativeTarget "AutoLayoutDemoTests" */ = {
			isa = XCConfigurationList;
			buildConfigurations = (
				F045FE6E187DA698007FF080 /* Debug */,
				F045FE6F187DA698007FF080 /* Release */,
			);
			defaultConfigurationIsVisible = 0;
		};
/* End XCConfigurationList section */
	};
	rootObject = F045FE30187DA698007FF080 /* Project object */;
}
